
Microsoft Visual Studio Solution File, Format Version 12.00
# Visual Studio Version 17
VisualStudioVersion = 17.3.32929.385
MinimumVisualStudioVersion = 10.0.40219.1
Project("{FAE04EC0-301F-11D3-BF4B-00C04F79EFBC}") = "CryptographyLaba2", "CryptographyLaba2\CryptographyLaba2.csproj", "{FFA4D876-2DB7-4B41-8A95-523FA2624318}"
EndProject
Project("{FAE04EC0-301F-11D3-BF4B-00C04F79EFBC}") = "CryptographyLaba2Tests", "CryptographyLaba2Tests\CryptographyLaba2Tests.csproj", "{0D597115-FC8B-4EB7-9F12-8E5D1D089E54}"
EndProject
Global
	GlobalSection(SolutionConfigurationPlatforms) = preSolution
		Debug|Any CPU = Debug|Any CPU
		Release|Any CPU = Release|Any CPU
	EndGlobalSection
	GlobalSection(ProjectConfigurationPlatforms) = postSolution
		{FFA4D876-2DB7-4B41-8A95-523FA2624318}.Debug|Any CPU.ActiveCfg = Debug|Any CPU
		{FFA4D876-2DB7-4B41-8A95-523FA2624318}.Debug|Any CPU.Build.0 = Debug|Any CPU
		{FFA4D876-2DB7-4B41-8A95-523FA2624318}.Release|Any CPU.ActiveCfg = Release|Any CPU
		{FFA4D876-2DB7-4B41-8A95-523FA2624318}.Release|Any CPU.Build.0 = Release|Any CPU
		{0D597115-FC8B-4EB7-9F12-8E5D1D089E54}.Debug|Any CPU.ActiveCfg = Debug|Any CPU
		{0D597115-FC8B-4EB7-9F12-8E5D1D089E54}.Debug|Any CPU.Build.0 = Debug|Any CPU
		{0D597115-FC8B-4EB7-9F12-8E5D1D089E54}.Release|Any CPU.ActiveCfg = Release|Any CPU
		{0D597115-FC8B-4EB7-9F12-8E5D1D089E54}.Release|Any CPU.Build.0 = Release|Any CPU
	EndGlobalSection
	GlobalSection(SolutionProperties) = preSolution
		HideSolutionNode = FALSE
	EndGlobalSection
	GlobalSection(ExtensibilityGlobals) = postSolution
		SolutionGuid = {3F126864-5F14-42EB-B7AC-01B31216BDB4}
	EndGlobalSection
EndGlobal
